// !$*UTF8*$!
{
	archiveVersion = 1;
	classes = {
	};
	objectVersion = 46;
	objects = {

/* Begin PBXBuildFile section */
		024DB8FA1F6E3677004AE695 /* IssueModel.swift in Sources */ = {isa = PBXBuildFile; fileRef = 024DB8F91F6E3677004AE695 /* IssueModel.swift */; };
		024DB8FE1F6E421C004AE695 /* IssueItemViewModel.swift in Sources */ = {isa = PBXBuildFile; fileRef = 024DB8FD1F6E421C004AE695 /* IssueItemViewModel.swift */; };
		0291AF931F6E22EF00D96E11 /* AppDelegate.swift in Sources */ = {isa = PBXBuildFile; fileRef = 0291AF921F6E22EF00D96E11 /* AppDelegate.swift */; };
		0291AF951F6E22EF00D96E11 /* RootViewController.swift in Sources */ = {isa = PBXBuildFile; fileRef = 0291AF941F6E22EF00D96E11 /* RootViewController.swift */; };
		0291AF981F6E22EF00D96E11 /* Main.storyboard in Resources */ = {isa = PBXBuildFile; fileRef = 0291AF961F6E22EF00D96E11 /* Main.storyboard */; };
		0291AF9A1F6E22EF00D96E11 /* Assets.xcassets in Resources */ = {isa = PBXBuildFile; fileRef = 0291AF991F6E22EF00D96E11 /* Assets.xcassets */; };
		0291AF9D1F6E22EF00D96E11 /* LaunchScreen.storyboard in Resources */ = {isa = PBXBuildFile; fileRef = 0291AF9B1F6E22EF00D96E11 /* LaunchScreen.storyboard */; };
		02A5FA391F6E2A0000CB939F /* IssuesViewModel.swift in Sources */ = {isa = PBXBuildFile; fileRef = 02A5FA381F6E2A0000CB939F /* IssuesViewModel.swift */; };
		02C68B8D1F6E2BBC0003F23F /* GithubAPI.swift in Sources */ = {isa = PBXBuildFile; fileRef = 02C68B8C1F6E2BBC0003F23F /* GithubAPI.swift */; };
		02C68B901F6E2EAC0003F23F /* ViewModelType.swift in Sources */ = {isa = PBXBuildFile; fileRef = 02C68B8F1F6E2EAC0003F23F /* ViewModelType.swift */; };
		D201184E4AA100050489EBFA /* Pods_GithubIssuesApp.framework in Frameworks */ = {isa = PBXBuildFile; fileRef = 0FC6C272F6B2147DD0068D8B /* Pods_GithubIssuesApp.framework */; };
/* End PBXBuildFile section */

/* Begin PBXFileReference section */
		024DB8F91F6E3677004AE695 /* IssueModel.swift */ = {isa = PBXFileReference; fileEncoding = 4; lastKnownFileType = sourcecode.swift; path = IssueModel.swift; sourceTree = "<group>"; };
		024DB8FD1F6E421C004AE695 /* IssueItemViewModel.swift */ = {isa = PBXFileReference; fileEncoding = 4; lastKnownFileType = sourcecode.swift; path = IssueItemViewModel.swift; sourceTree = "<group>"; };
		0291AF8F1F6E22EF00D96E11 /* GithubIssuesApp.app */ = {isa = PBXFileReference; explicitFileType = wrapper.application; includeInIndex = 0; path = GithubIssuesApp.app; sourceTree = BUILT_PRODUCTS_DIR; };
		0291AF921F6E22EF00D96E11 /* AppDelegate.swift */ = {isa = PBXFileReference; lastKnownFileType = sourcecode.swift; path = AppDelegate.swift; sourceTree = "<group>"; };
		0291AF941F6E22EF00D96E11 /* RootViewController.swift */ = {isa = PBXFileReference; lastKnownFileType = sourcecode.swift; path = RootViewController.swift; sourceTree = "<group>"; };
		0291AF971F6E22EF00D96E11 /* Base */ = {isa = PBXFileReference; lastKnownFileType = file.storyboard; name = Base; path = Base.lproj/Main.storyboard; sourceTree = "<group>"; };
		0291AF991F6E22EF00D96E11 /* Assets.xcassets */ = {isa = PBXFileReference; lastKnownFileType = folder.assetcatalog; path = Assets.xcassets; sourceTree = "<group>"; };
		0291AF9C1F6E22EF00D96E11 /* Base */ = {isa = PBXFileReference; lastKnownFileType = file.storyboard; name = Base; path = Base.lproj/LaunchScreen.storyboard; sourceTree = "<group>"; };
		0291AF9E1F6E22EF00D96E11 /* Info.plist */ = {isa = PBXFileReference; lastKnownFileType = text.plist.xml; path = Info.plist; sourceTree = "<group>"; };
		02A5FA381F6E2A0000CB939F /* IssuesViewModel.swift */ = {isa = PBXFileReference; fileEncoding = 4; lastKnownFileType = sourcecode.swift; path = IssuesViewModel.swift; sourceTree = "<group>"; };
		02C68B8C1F6E2BBC0003F23F /* GithubAPI.swift */ = {isa = PBXFileReference; fileEncoding = 4; lastKnownFileType = sourcecode.swift; path = GithubAPI.swift; sourceTree = "<group>"; };
		02C68B8F1F6E2EAC0003F23F /* ViewModelType.swift */ = {isa = PBXFileReference; fileEncoding = 4; lastKnownFileType = sourcecode.swift; path = ViewModelType.swift; sourceTree = "<group>"; };
		0FC6C272F6B2147DD0068D8B /* Pods_GithubIssuesApp.framework */ = {isa = PBXFileReference; explicitFileType = wrapper.framework; includeInIndex = 0; path = Pods_GithubIssuesApp.framework; sourceTree = BUILT_PRODUCTS_DIR; };
		69CDC29D28C3F5550DA9D159 /* Pods-GithubIssuesApp.release.xcconfig */ = {isa = PBXFileReference; includeInIndex = 1; lastKnownFileType = text.xcconfig; name = "Pods-GithubIssuesApp.release.xcconfig"; path = "Pods/Target Support Files/Pods-GithubIssuesApp/Pods-GithubIssuesApp.release.xcconfig"; sourceTree = "<group>"; };
		F298ED712073CE6CC8B85B8F /* Pods-GithubIssuesApp.debug.xcconfig */ = {isa = PBXFileReference; includeInIndex = 1; lastKnownFileType = text.xcconfig; name = "Pods-GithubIssuesApp.debug.xcconfig"; path = "Pods/Target Support Files/Pods-GithubIssuesApp/Pods-GithubIssuesApp.debug.xcconfig"; sourceTree = "<group>"; };
/* End PBXFileReference section */

/* Begin PBXFrameworksBuildPhase section */
		0291AF8C1F6E22EF00D96E11 /* Frameworks */ = {
			isa = PBXFrameworksBuildPhase;
			buildActionMask = 2147483647;
			files = (
				D201184E4AA100050489EBFA /* Pods_GithubIssuesApp.framework in Frameworks */,
			);
			runOnlyForDeploymentPostprocessing = 0;
		};
/* End PBXFrameworksBuildPhase section */

/* Begin PBXGroup section */
		024DB9011F6E49CC004AE695 /* ViewModels */ = {
			isa = PBXGroup;
			children = (
				02A5FA381F6E2A0000CB939F /* IssuesViewModel.swift */,
				024DB8FD1F6E421C004AE695 /* IssueItemViewModel.swift */,
			);
			name = ViewModels;
			sourceTree = "<group>";
		};
		024DB9021F6E49D7004AE695 /* Models */ = {
			isa = PBXGroup;
			children = (
				024DB8F91F6E3677004AE695 /* IssueModel.swift */,
			);
			name = Models;
			sourceTree = "<group>";
		};
		024DB9031F6E49E0004AE695 /* APIs */ = {
			isa = PBXGroup;
			children = (
				02C68B8C1F6E2BBC0003F23F /* GithubAPI.swift */,
			);
			name = APIs;
			sourceTree = "<group>";
		};
		0291AF861F6E22EF00D96E11 = {
			isa = PBXGroup;
			children = (
				0291AF911F6E22EF00D96E11 /* GithubIssuesApp */,
				0291AF901F6E22EF00D96E11 /* Products */,
				36093C2F69A09C7339F121A8 /* Pods */,
				EA06613E7E2242B7CB6433E5 /* Frameworks */,
			);
			sourceTree = "<group>";
		};
		0291AF901F6E22EF00D96E11 /* Products */ = {
			isa = PBXGroup;
			children = (
				0291AF8F1F6E22EF00D96E11 /* GithubIssuesApp.app */,
			);
			name = Products;
			sourceTree = "<group>";
		};
		0291AF911F6E22EF00D96E11 /* GithubIssuesApp */ = {
			isa = PBXGroup;
			children = (
				024DB9031F6E49E0004AE695 /* APIs */,
				024DB9021F6E49D7004AE695 /* Models */,
				024DB9011F6E49CC004AE695 /* ViewModels */,
				02C68B8E1F6E2E9F0003F23F /* Common */,
				0291AF921F6E22EF00D96E11 /* AppDelegate.swift */,
				0291AF941F6E22EF00D96E11 /* RootViewController.swift */,
				0291AF961F6E22EF00D96E11 /* Main.storyboard */,
				0291AF991F6E22EF00D96E11 /* Assets.xcassets */,
				0291AF9B1F6E22EF00D96E11 /* LaunchScreen.storyboard */,
				0291AF9E1F6E22EF00D96E11 /* Info.plist */,
			);
			path = GithubIssuesApp;
			sourceTree = "<group>";
		};
		02C68B8E1F6E2E9F0003F23F /* Common */ = {
			isa = PBXGroup;
			children = (
				02C68B8F1F6E2EAC0003F23F /* ViewModelType.swift */,
			);
			name = Common;
			sourceTree = "<group>";
		};
		36093C2F69A09C7339F121A8 /* Pods */ = {
			isa = PBXGroup;
			children = (
				F298ED712073CE6CC8B85B8F /* Pods-GithubIssuesApp.debug.xcconfig */,
				69CDC29D28C3F5550DA9D159 /* Pods-GithubIssuesApp.release.xcconfig */,
			);
			name = Pods;
			sourceTree = "<group>";
		};
		EA06613E7E2242B7CB6433E5 /* Frameworks */ = {
			isa = PBXGroup;
			children = (
				0FC6C272F6B2147DD0068D8B /* Pods_GithubIssuesApp.framework */,
			);
			name = Frameworks;
			sourceTree = "<group>";
		};
/* End PBXGroup section */

/* Begin PBXNativeTarget section */
		0291AF8E1F6E22EF00D96E11 /* GithubIssuesApp */ = {
			isa = PBXNativeTarget;
			buildConfigurationList = 0291AFA11F6E22EF00D96E11 /* Build configuration list for PBXNativeTarget "GithubIssuesApp" */;
			buildPhases = (
				DE39A4BE02B0724E7E23EFFB /* [CP] Check Pods Manifest.lock */,
				0291AF8B1F6E22EF00D96E11 /* Sources */,
				0291AF8C1F6E22EF00D96E11 /* Frameworks */,
				0291AF8D1F6E22EF00D96E11 /* Resources */,
				698A6EB19775561B4FD9A231 /* [CP] Embed Pods Frameworks */,
				121D29CF4C91D0449933E18A /* [CP] Copy Pods Resources */,
			);
			buildRules = (
			);
			dependencies = (
			);
			name = GithubIssuesApp;
			productName = GithubIssuesApp;
			productReference = 0291AF8F1F6E22EF00D96E11 /* GithubIssuesApp.app */;
			productType = "com.apple.product-type.application";
		};
/* End PBXNativeTarget section */

/* Begin PBXProject section */
		0291AF871F6E22EF00D96E11 /* Project object */ = {
			isa = PBXProject;
			attributes = {
				LastSwiftUpdateCheck = 0830;
				LastUpgradeCheck = 0830;
				ORGANIZATIONNAME = "Logan Allen";
				TargetAttributes = {
					0291AF8E1F6E22EF00D96E11 = {
						CreatedOnToolsVersion = 8.3.3;
						DevelopmentTeam = 93KW29BBQ6;
						ProvisioningStyle = Automatic;
					};
				};
			};
			buildConfigurationList = 0291AF8A1F6E22EF00D96E11 /* Build configuration list for PBXProject "GithubIssuesApp" */;
			compatibilityVersion = "Xcode 3.2";
			developmentRegion = English;
			hasScannedForEncodings = 0;
			knownRegions = (
				en,
				Base,
			);
			mainGroup = 0291AF861F6E22EF00D96E11;
			productRefGroup = 0291AF901F6E22EF00D96E11 /* Products */;
			projectDirPath = "";
			projectRoot = "";
			targets = (
				0291AF8E1F6E22EF00D96E11 /* GithubIssuesApp */,
			);
		};
/* End PBXProject section */

/* Begin PBXResourcesBuildPhase section */
		0291AF8D1F6E22EF00D96E11 /* Resources */ = {
			isa = PBXResourcesBuildPhase;
			buildActionMask = 2147483647;
			files = (
				0291AF9D1F6E22EF00D96E11 /* LaunchScreen.storyboard in Resources */,
				0291AF9A1F6E22EF00D96E11 /* Assets.xcassets in Resources */,
				0291AF981F6E22EF00D96E11 /* Main.storyboard in Resources */,
			);
			runOnlyForDeploymentPostprocessing = 0;
		};
/* End PBXResourcesBuildPhase section */

/* Begin PBXShellScriptBuildPhase section */
		121D29CF4C91D0449933E18A /* [CP] Copy Pods Resources */ = {
			isa = PBXShellScriptBuildPhase;
			buildActionMask = 2147483647;
			files = (
			);
			inputPaths = (
			);
			name = "[CP] Copy Pods Resources";
			outputPaths = (
			);
			runOnlyForDeploymentPostprocessing = 0;
			shellPath = /bin/sh;
			shellScript = "\"${SRCROOT}/Pods/Target Support Files/Pods-GithubIssuesApp/Pods-GithubIssuesApp-resources.sh\"\n";
			showEnvVarsInLog = 0;
		};
		698A6EB19775561B4FD9A231 /* [CP] Embed Pods Frameworks */ = {
			isa = PBXShellScriptBuildPhase;
			buildActionMask = 2147483647;
			files = (
			);
			inputPaths = (
			);
			name = "[CP] Embed Pods Frameworks";
			outputPaths = (
			);
			runOnlyForDeploymentPostprocessing = 0;
			shellPath = /bin/sh;
			shellScript = "\"${SRCROOT}/Pods/Target Support Files/Pods-GithubIssuesApp/Pods-GithubIssuesApp-frameworks.sh\"\n";
			showEnvVarsInLog = 0;
		};
		DE39A4BE02B0724E7E23EFFB /* [CP] Check Pods Manifest.lock */ = {
			isa = PBXShellScriptBuildPhase;
			buildActionMask = 2147483647;
			files = (
			);
			inputPaths = (
			);
			name = "[CP] Check Pods Manifest.lock";
			outputPaths = (
			);
			runOnlyForDeploymentPostprocessing = 0;
			shellPath = /bin/sh;
			shellScript = "diff \"${PODS_ROOT}/../Podfile.lock\" \"${PODS_ROOT}/Manifest.lock\" > /dev/null\nif [ $? != 0 ] ; then\n    # print error to STDERR\n    echo \"error: The sandbox is not in sync with the Podfile.lock. Run 'pod install' or update your CocoaPods installation.\" >&2\n    exit 1\nfi\n";
			showEnvVarsInLog = 0;
		};
/* End PBXShellScriptBuildPhase section */

/* Begin PBXSourcesBuildPhase section */
		0291AF8B1F6E22EF00D96E11 /* Sources */ = {
			isa = PBXSourcesBuildPhase;
			buildActionMask = 2147483647;
			files = (
				02C68B8D1F6E2BBC0003F23F /* GithubAPI.swift in Sources */,
				02C68B901F6E2EAC0003F23F /* ViewModelType.swift in Sources */,
				0291AF951F6E22EF00D96E11 /* RootViewController.swift in Sources */,
				02A5FA391F6E2A0000CB939F /* IssuesViewModel.swift in Sources */,
				0291AF931F6E22EF00D96E11 /* AppDelegate.swift in Sources */,
				024DB8FE1F6E421C004AE695 /* IssueItemViewModel.swift in Sources */,
				024DB8FA1F6E3677004AE695 /* IssueModel.swift in Sources */,
			);
			runOnlyForDeploymentPostprocessing = 0;
		};
/* End PBXSourcesBuildPhase section */

/* Begin PBXVariantGroup section */
		0291AF961F6E22EF00D96E11 /* Main.storyboard */ = {
			isa = PBXVariantGroup;
			children = (
				0291AF971F6E22EF00D96E11 /* Base */,
			);
			name = Main.storyboard;
			sourceTree = "<group>";
		};
		0291AF9B1F6E22EF00D96E11 /* LaunchScreen.storyboard */ = {
			isa = PBXVariantGroup;
			children = (
				0291AF9C1F6E22EF00D96E11 /* Base */,
			);
			name = LaunchScreen.storyboard;
			sourceTree = "<group>";
		};
/* End PBXVariantGroup section */

/* Begin XCBuildConfiguration section */
		0291AF9F1F6E22EF00D96E11 /* Debug */ = {
			isa = XCBuildConfiguration;
			buildSettings = {
				ALWAYS_SEARCH_USER_PATHS = NO;
				CLANG_ANALYZER_NONNULL = YES;
				CLANG_ANALYZER_NUMBER_OBJECT_CONVERSION = YES_AGGRESSIVE;
				CLANG_CXX_LANGUAGE_STANDARD = "gnu++0x";
				CLANG_CXX_LIBRARY = "libc++";
				CLANG_ENABLE_MODULES = YES;
				CLANG_ENABLE_OBJC_ARC = YES;
				CLANG_WARN_BOOL_CONVERSION = YES;
				CLANG_WARN_CONSTANT_CONVERSION = YES;
				CLANG_WARN_DIRECT_OBJC_ISA_USAGE = YES_ERROR;
				CLANG_WARN_DOCUMENTATION_COMMENTS = YES;
				CLANG_WARN_EMPTY_BODY = YES;
				CLANG_WARN_ENUM_CONVERSION = YES;
				CLANG_WARN_INFINITE_RECURSION = YES;
				CLANG_WARN_INT_CONVERSION = YES;
				CLANG_WARN_OBJC_ROOT_CLASS = YES_ERROR;
				CLANG_WARN_SUSPICIOUS_MOVE = YES;
				CLANG_WARN_UNREACHABLE_CODE = YES;
				CLANG_WARN__DUPLICATE_METHOD_MATCH = YES;
				"CODE_SIGN_IDENTITY[sdk=iphoneos*]" = "iPhone Developer";
				COPY_PHASE_STRIP = NO;
				DEBUG_INFORMATION_FORMAT = dwarf;
				ENABLE_STRICT_OBJC_MSGSEND = YES;
				ENABLE_TESTABILITY = YES;
				GCC_C_LANGUAGE_STANDARD = gnu99;
				GCC_DYNAMIC_NO_PIC = NO;
				GCC_NO_COMMON_BLOCKS = YES;
				GCC_OPTIMIZATION_LEVEL = 0;
				GCC_PREPROCESSOR_DEFINITIONS = (
					"DEBUG=1",
					"$(inherited)",
				);
				GCC_WARN_64_TO_32_BIT_CONVERSION = YES;
				GCC_WARN_ABOUT_RETURN_TYPE = YES_ERROR;
				GCC_WARN_UNDECLARED_SELECTOR = YES;
				GCC_WARN_UNINITIALIZED_AUTOS = YES_AGGRESSIVE;
				GCC_WARN_UNUSED_FUNCTION = YES;
				GCC_WARN_UNUSED_VARIABLE = YES;
				IPHONEOS_DEPLOYMENT_TARGET = 10.3;
				MTL_ENABLE_DEBUG_INFO = YES;
				ONLY_ACTIVE_ARCH = YES;
				SDKROOT = iphoneos;
				SWIFT_ACTIVE_COMPILATION_CONDITIONS = DEBUG;
				SWIFT_OPTIMIZATION_LEVEL = "-Onone";
				TARGETED_DEVICE_FAMILY = "1,2";
			};
			name = Debug;
		};
		0291AFA01F6E22EF00D96E11 /* Release */ = {
			isa = XCBuildConfiguration;
			buildSettings = {
				ALWAYS_SEARCH_USER_PATHS = NO;
				CLANG_ANALYZER_NONNULL = YES;
				CLANG_ANALYZER_NUMBER_OBJECT_CONVERSION = YES_AGGRESSIVE;
				CLANG_CXX_LANGUAGE_STANDARD = "gnu++0x";
				CLANG_CXX_LIBRARY = "libc++";
				CLANG_ENABLE_MODULES = YES;
				CLANG_ENABLE_OBJC_ARC = YES;
				CLANG_WARN_BOOL_CONVERSION = YES;
				CLANG_WARN_CONSTANT_CONVERSION = YES;
				CLANG_WARN_DIRECT_OBJC_ISA_USAGE = YES_ERROR;
				CLANG_WARN_DOCUMENTATION_COMMENTS = YES;
				CLANG_WARN_EMPTY_BODY = YES;
				CLANG_WARN_ENUM_CONVERSION = YES;
				CLANG_WARN_INFINITE_RECURSION = YES;
				CLANG_WARN_INT_CONVERSION = YES;
				CLANG_WARN_OBJC_ROOT_CLASS = YES_ERROR;
				CLANG_WARN_SUSPICIOUS_MOVE = YES;
				CLANG_WARN_UNREACHABLE_CODE = YES;
				CLANG_WARN__DUPLICATE_METHOD_MATCH = YES;
				"CODE_SIGN_IDENTITY[sdk=iphoneos*]" = "iPhone Developer";
				COPY_PHASE_STRIP = NO;
				DEBUG_INFORMATION_FORMAT = "dwarf-with-dsym";
				ENABLE_NS_ASSERTIONS = NO;
				ENABLE_STRICT_OBJC_MSGSEND = YES;
				GCC_C_LANGUAGE_STANDARD = gnu99;
				GCC_NO_COMMON_BLOCKS = YES;
				GCC_WARN_64_TO_32_BIT_CONVERSION = YES;
				GCC_WARN_ABOUT_RETURN_TYPE = YES_ERROR;
				GCC_WARN_UNDECLARED_SELECTOR = YES;
				GCC_WARN_UNINITIALIZED_AUTOS = YES_AGGRESSIVE;
				GCC_WARN_UNUSED_FUNCTION = YES;
				GCC_WARN_UNUSED_VARIABLE = YES;
				IPHONEOS_DEPLOYMENT_TARGET = 10.3;
				MTL_ENABLE_DEBUG_INFO = NO;
				SDKROOT = iphoneos;
				SWIFT_OPTIMIZATION_LEVEL = "-Owholemodule";
				TARGETED_DEVICE_FAMILY = "1,2";
				VALIDATE_PRODUCT = YES;
			};
			name = Release;
		};
		0291AFA21F6E22EF00D96E11 /* Debug */ = {
			isa = XCBuildConfiguration;
			baseConfigurationReference = F298ED712073CE6CC8B85B8F /* Pods-GithubIssuesApp.debug.xcconfig */;
			buildSettings = {
				ASSETCATALOG_COMPILER_APPICON_NAME = AppIcon;
				DEVELOPMENT_TEAM = 93KW29BBQ6;
				INFOPLIST_FILE = GithubIssuesApp/Info.plist;
				LD_RUNPATH_SEARCH_PATHS = "$(inherited) @executable_path/Frameworks";
				PRODUCT_BUNDLE_IDENTIFIER = com.loganallenc.GithubIssuesApp;
				PRODUCT_NAME = "$(TARGET_NAME)";
				SWIFT_VERSION = 3.0;
			};
			name = Debug;
		};
		0291AFA31F6E22EF00D96E11 /* Release */ = {
			isa = XCBuildConfiguration;
			baseConfigurationReference = 69CDC29D28C3F5550DA9D159 /* Pods-GithubIssuesApp.release.xcconfig */;
			buildSettings = {
				ASSETCATALOG_COMPILER_APPICON_NAME = AppIcon;
				DEVELOPMENT_TEAM = 93KW29BBQ6;
				INFOPLIST_FILE = GithubIssuesApp/Info.plist;
				LD_RUNPATH_SEARCH_PATHS = "$(inherited) @executable_path/Frameworks";
				PRODUCT_BUNDLE_IDENTIFIER = com.loganallenc.GithubIssuesApp;
				PRODUCT_NAME = "$(TARGET_NAME)";
				SWIFT_VERSION = 3.0;
			};
			name = Release;
		};
/* End XCBuildConfiguration section */

/* Begin XCConfigurationList section */
		0291AF8A1F6E22EF00D96E11 /* Build configuration list for PBXProject "GithubIssuesApp" */ = {
			isa = XCConfigurationList;
			buildConfigurations = (
				0291AF9F1F6E22EF00D96E11 /* Debug */,
				0291AFA01F6E22EF00D96E11 /* Release */,
			);
			defaultConfigurationIsVisible = 0;
			defaultConfigurationName = Release;
		};
		0291AFA11F6E22EF00D96E11 /* Build configuration list for PBXNativeTarget "GithubIssuesApp" */ = {
			isa = XCConfigurationList;
			buildConfigurations = (
				0291AFA21F6E22EF00D96E11 /* Debug */,
				0291AFA31F6E22EF00D96E11 /* Release */,
			);
			defaultConfigurationIsVisible = 0;
			defaultConfigurationName = Release;
		};
/* End XCConfigurationList section */
	};
	rootObject = 0291AF871F6E22EF00D96E11 /* Project object */;
}
